// !$*UTF8*$!
{
	archiveVersion = 1;
	classes = {
	};
	objectVersion = 56;
	objects = {

/* Begin PBXBuildFile section */
		3C340907293C974E0048F155 /* FactzApp.swift in Sources */ = {isa = PBXBuildFile; fileRef = 3C340906293C974E0048F155 /* FactzApp.swift */; };
		3C34090B293C974F0048F155 /* Assets.xcassets in Resources */ = {isa = PBXBuildFile; fileRef = 3C34090A293C974F0048F155 /* Assets.xcassets */; };
		3C34090E293C974F0048F155 /* Preview Assets.xcassets in Resources */ = {isa = PBXBuildFile; fileRef = 3C34090D293C974F0048F155 /* Preview Assets.xcassets */; };
		3C340917293C990C0048F155 /* FactViewModel.swift in Sources */ = {isa = PBXBuildFile; fileRef = 3C340916293C990C0048F155 /* FactViewModel.swift */; };
		3C340919293CA0CE0048F155 /* FactView.swift in Sources */ = {isa = PBXBuildFile; fileRef = 3C340918293CA0CE0048F155 /* FactView.swift */; };
		3C34091D293CD05B0048F155 /* FactAPI.swift in Sources */ = {isa = PBXBuildFile; fileRef = 3C34091C293CD05B0048F155 /* FactAPI.swift */; };
		3C340925293CD4300048F155 /* WidgetKit.framework in Frameworks */ = {isa = PBXBuildFile; fileRef = 3C340924293CD4300048F155 /* WidgetKit.framework */; };
		3C340927293CD4300048F155 /* SwiftUI.framework in Frameworks */ = {isa = PBXBuildFile; fileRef = 3C340926293CD4300048F155 /* SwiftUI.framework */; };
		3C34092A293CD4300048F155 /* FactBundle.swift in Sources */ = {isa = PBXBuildFile; fileRef = 3C340929293CD4300048F155 /* FactBundle.swift */; };
		3C34092C293CD4300048F155 /* Fact.swift in Sources */ = {isa = PBXBuildFile; fileRef = 3C34092B293CD4300048F155 /* Fact.swift */; };
		3C34092E293CD4310048F155 /* Assets.xcassets in Resources */ = {isa = PBXBuildFile; fileRef = 3C34092D293CD4310048F155 /* Assets.xcassets */; };
		3C340932293CD4310048F155 /* FactExtension.appex in Embed Foundation Extensions */ = {isa = PBXBuildFile; fileRef = 3C340922293CD4300048F155 /* FactExtension.appex */; settings = {ATTRIBUTES = (RemoveHeadersOnCopy, ); }; };
		3C34093C293D33350048F155 /* FactAPI.swift in Sources */ = {isa = PBXBuildFile; fileRef = 3C34091C293CD05B0048F155 /* FactAPI.swift */; };
/* End PBXBuildFile section */

/* Begin PBXContainerItemProxy section */
		3C340930293CD4310048F155 /* PBXContainerItemProxy */ = {
			isa = PBXContainerItemProxy;
			containerPortal = 3C3408FB293C974E0048F155 /* Project object */;
			proxyType = 1;
			remoteGlobalIDString = 3C340921293CD4300048F155;
			remoteInfo = FactExtension;
		};
/* End PBXContainerItemProxy section */

/* Begin PBXCopyFilesBuildPhase section */
		3C340936293CD4310048F155 /* Embed Foundation Extensions */ = {
			isa = PBXCopyFilesBuildPhase;
			buildActionMask = 2147483647;
			dstPath = "";
			dstSubfolderSpec = 13;
			files = (
				3C340932293CD4310048F155 /* FactExtension.appex in Embed Foundation Extensions */,
			);
			name = "Embed Foundation Extensions";
			runOnlyForDeploymentPostprocessing = 0;
		};
/* End PBXCopyFilesBuildPhase section */

/* Begin PBXFileReference section */
		3C340903293C974E0048F155 /* Factz.app */ = {isa = PBXFileReference; explicitFileType = wrapper.application; includeInIndex = 0; path = Factz.app; sourceTree = BUILT_PRODUCTS_DIR; };
		3C340906293C974E0048F155 /* FactzApp.swift */ = {isa = PBXFileReference; lastKnownFileType = sourcecode.swift; path = FactzApp.swift; sourceTree = "<group>"; };
		3C34090A293C974F0048F155 /* Assets.xcassets */ = {isa = PBXFileReference; lastKnownFileType = folder.assetcatalog; path = Assets.xcassets; sourceTree = "<group>"; };
		3C34090D293C974F0048F155 /* Preview Assets.xcassets */ = {isa = PBXFileReference; lastKnownFileType = folder.assetcatalog; path = "Preview Assets.xcassets"; sourceTree = "<group>"; };
		3C340916293C990C0048F155 /* FactViewModel.swift */ = {isa = PBXFileReference; lastKnownFileType = sourcecode.swift; path = FactViewModel.swift; sourceTree = "<group>"; };
		3C340918293CA0CE0048F155 /* FactView.swift */ = {isa = PBXFileReference; lastKnownFileType = sourcecode.swift; path = FactView.swift; sourceTree = "<group>"; };
		3C34091C293CD05B0048F155 /* FactAPI.swift */ = {isa = PBXFileReference; lastKnownFileType = sourcecode.swift; path = FactAPI.swift; sourceTree = "<group>"; };
		3C340922293CD4300048F155 /* FactExtension.appex */ = {isa = PBXFileReference; explicitFileType = "wrapper.app-extension"; includeInIndex = 0; path = FactExtension.appex; sourceTree = BUILT_PRODUCTS_DIR; };
		3C340924293CD4300048F155 /* WidgetKit.framework */ = {isa = PBXFileReference; lastKnownFileType = wrapper.framework; name = WidgetKit.framework; path = System/Library/Frameworks/WidgetKit.framework; sourceTree = SDKROOT; };
		3C340926293CD4300048F155 /* SwiftUI.framework */ = {isa = PBXFileReference; lastKnownFileType = wrapper.framework; name = SwiftUI.framework; path = System/Library/Frameworks/SwiftUI.framework; sourceTree = SDKROOT; };
		3C340929293CD4300048F155 /* FactBundle.swift */ = {isa = PBXFileReference; lastKnownFileType = sourcecode.swift; path = FactBundle.swift; sourceTree = "<group>"; };
		3C34092B293CD4300048F155 /* Fact.swift */ = {isa = PBXFileReference; lastKnownFileType = sourcecode.swift; path = Fact.swift; sourceTree = "<group>"; };
		3C34092D293CD4310048F155 /* Assets.xcassets */ = {isa = PBXFileReference; lastKnownFileType = folder.assetcatalog; path = Assets.xcassets; sourceTree = "<group>"; };
		3C34092F293CD4310048F155 /* Info.plist */ = {isa = PBXFileReference; lastKnownFileType = text.plist.xml; path = Info.plist; sourceTree = "<group>"; };
/* End PBXFileReference section */

/* Begin PBXFrameworksBuildPhase section */
		3C340900293C974E0048F155 /* Frameworks */ = {
			isa = PBXFrameworksBuildPhase;
			buildActionMask = 2147483647;
			files = (
			);
			runOnlyForDeploymentPostprocessing = 0;
		};
		3C34091F293CD4300048F155 /* Frameworks */ = {
			isa = PBXFrameworksBuildPhase;
			buildActionMask = 2147483647;
			files = (
				3C340927293CD4300048F155 /* SwiftUI.framework in Frameworks */,
				3C340925293CD4300048F155 /* WidgetKit.framework in Frameworks */,
			);
			runOnlyForDeploymentPostprocessing = 0;
		};
/* End PBXFrameworksBuildPhase section */

/* Begin PBXGroup section */
		3C3408FA293C974E0048F155 = {
			isa = PBXGroup;
			children = (
				3C340905293C974E0048F155 /* Factz */,
				3C340928293CD4300048F155 /* Fact */,
				3C340923293CD4300048F155 /* Frameworks */,
				3C340904293C974E0048F155 /* Products */,
			);
			sourceTree = "<group>";
		};
		3C340904293C974E0048F155 /* Products */ = {
			isa = PBXGroup;
			children = (
				3C340903293C974E0048F155 /* Factz.app */,
				3C340922293CD4300048F155 /* FactExtension.appex */,
			);
			name = Products;
			sourceTree = "<group>";
		};
		3C340905293C974E0048F155 /* Factz */ = {
			isa = PBXGroup;
			children = (
				3C340906293C974E0048F155 /* FactzApp.swift */,
				3C340918293CA0CE0048F155 /* FactView.swift */,
				3C340916293C990C0048F155 /* FactViewModel.swift */,
				3C34091C293CD05B0048F155 /* FactAPI.swift */,
				3C34090A293C974F0048F155 /* Assets.xcassets */,
				3C34090C293C974F0048F155 /* Preview Content */,
			);
			path = Factz;
			sourceTree = "<group>";
		};
		3C34090C293C974F0048F155 /* Preview Content */ = {
			isa = PBXGroup;
			children = (
				3C34090D293C974F0048F155 /* Preview Assets.xcassets */,
			);
			path = "Preview Content";
			sourceTree = "<group>";
		};
		3C340923293CD4300048F155 /* Frameworks */ = {
			isa = PBXGroup;
			children = (
				3C340924293CD4300048F155 /* WidgetKit.framework */,
				3C340926293CD4300048F155 /* SwiftUI.framework */,
			);
			name = Frameworks;
			sourceTree = "<group>";
		};
		3C340928293CD4300048F155 /* Fact */ = {
			isa = PBXGroup;
			children = (
				3C340929293CD4300048F155 /* FactBundle.swift */,
				3C34092B293CD4300048F155 /* Fact.swift */,
				3C34092D293CD4310048F155 /* Assets.xcassets */,
				3C34092F293CD4310048F155 /* Info.plist */,
			);
			path = Fact;
			sourceTree = "<group>";
		};
/* End PBXGroup section */

/* Begin PBXNativeTarget section */
		3C340902293C974E0048F155 /* Factz */ = {
			isa = PBXNativeTarget;
			buildConfigurationList = 3C340911293C974F0048F155 /* Build configuration list for PBXNativeTarget "Factz" */;
			buildPhases = (
				3C3408FF293C974E0048F155 /* Sources */,
				3C340900293C974E0048F155 /* Frameworks */,
				3C340901293C974E0048F155 /* Resources */,
				3C340936293CD4310048F155 /* Embed Foundation Extensions */,
			);
			buildRules = (
			);
			dependencies = (
				3C340931293CD4310048F155 /* PBXTargetDependency */,
			);
			name = Factz;
			productName = Factz;
			productReference = 3C340903293C974E0048F155 /* Factz.app */;
			productType = "com.apple.product-type.application";
		};
		3C340921293CD4300048F155 /* FactExtension */ = {
			isa = PBXNativeTarget;
			buildConfigurationList = 3C340933293CD4310048F155 /* Build configuration list for PBXNativeTarget "FactExtension" */;
			buildPhases = (
				3C34091E293CD4300048F155 /* Sources */,
				3C34091F293CD4300048F155 /* Frameworks */,
				3C340920293CD4300048F155 /* Resources */,
			);
			buildRules = (
			);
			dependencies = (
			);
			name = FactExtension;
			productName = FactExtension;
			productReference = 3C340922293CD4300048F155 /* FactExtension.appex */;
			productType = "com.apple.product-type.app-extension";
		};
/* End PBXNativeTarget section */

/* Begin PBXProject section */
		3C3408FB293C974E0048F155 /* Project object */ = {
			isa = PBXProject;
			attributes = {
				BuildIndependentTargetsInParallel = 1;
				LastSwiftUpdateCheck = 1410;
				LastUpgradeCheck = 1410;
				TargetAttributes = {
					3C340902293C974E0048F155 = {
						CreatedOnToolsVersion = 14.1;
					};
					3C340921293CD4300048F155 = {
						CreatedOnToolsVersion = 14.1;
					};
				};
			};
			buildConfigurationList = 3C3408FE293C974E0048F155 /* Build configuration list for PBXProject "Factz" */;
			compatibilityVersion = "Xcode 14.0";
			developmentRegion = en;
			hasScannedForEncodings = 0;
			knownRegions = (
				en,
				Base,
			);
			mainGroup = 3C3408FA293C974E0048F155;
			productRefGroup = 3C340904293C974E0048F155 /* Products */;
			projectDirPath = "";
			projectRoot = "";
			targets = (
				3C340902293C974E0048F155 /* Factz */,
				3C340921293CD4300048F155 /* FactExtension */,
			);
		};
/* End PBXProject section */

/* Begin PBXResourcesBuildPhase section */
		3C340901293C974E0048F155 /* Resources */ = {
			isa = PBXResourcesBuildPhase;
			buildActionMask = 2147483647;
			files = (
				3C34090E293C974F0048F155 /* Preview Assets.xcassets in Resources */,
				3C34090B293C974F0048F155 /* Assets.xcassets in Resources */,
			);
			runOnlyForDeploymentPostprocessing = 0;
		};
		3C340920293CD4300048F155 /* Resources */ = {
			isa = PBXResourcesBuildPhase;
			buildActionMask = 2147483647;
			files = (
				3C34092E293CD4310048F155 /* Assets.xcassets in Resources */,
			);
			runOnlyForDeploymentPostprocessing = 0;
		};
/* End PBXResourcesBuildPhase section */

/* Begin PBXSourcesBuildPhase section */
		3C3408FF293C974E0048F155 /* Sources */ = {
			isa = PBXSourcesBuildPhase;
			buildActionMask = 2147483647;
			files = (
				3C34091D293CD05B0048F155 /* FactAPI.swift in Sources */,
				3C340919293CA0CE0048F155 /* FactView.swift in Sources */,
				3C340917293C990C0048F155 /* FactViewModel.swift in Sources */,
				3C340907293C974E0048F155 /* FactzApp.swift in Sources */,
			);
			runOnlyForDeploymentPostprocessing = 0;
		};
		3C34091E293CD4300048F155 /* Sources */ = {
			isa = PBXSourcesBuildPhase;
			buildActionMask = 2147483647;
			files = (
				3C34093C293D33350048F155 /* FactAPI.swift in Sources */,
				3C34092A293CD4300048F155 /* FactBundle.swift in Sources */,
				3C34092C293CD4300048F155 /* Fact.swift in Sources */,
			);
			runOnlyForDeploymentPostprocessing = 0;
		};
/* End PBXSourcesBuildPhase section */

/* Begin PBXTargetDependency section */
		3C340931293CD4310048F155 /* PBXTargetDependency */ = {
			isa = PBXTargetDependency;
			target = 3C340921293CD4300048F155 /* FactExtension */;
			targetProxy = 3C340930293CD4310048F155 /* PBXContainerItemProxy */;
		};
/* End PBXTargetDependency section */

/* Begin XCBuildConfiguration section */
		3C34090F293C974F0048F155 /* Debug */ = {
			isa = XCBuildConfiguration;
			buildSettings = {
				ALWAYS_SEARCH_USER_PATHS = NO;
				CLANG_ANALYZER_NONNULL = YES;
				CLANG_ANALYZER_NUMBER_OBJECT_CONVERSION = YES_AGGRESSIVE;
				CLANG_CXX_LANGUAGE_STANDARD = "gnu++20";
				CLANG_ENABLE_MODULES = YES;
				CLANG_ENABLE_OBJC_ARC = YES;
				CLANG_ENABLE_OBJC_WEAK = YES;
				CLANG_WARN_BLOCK_CAPTURE_AUTORELEASING = YES;
				CLANG_WARN_BOOL_CONVERSION = YES;
				CLANG_WARN_COMMA = YES;
				CLANG_WARN_CONSTANT_CONVERSION = YES;
				CLANG_WARN_DEPRECATED_OBJC_IMPLEMENTATIONS = YES;
				CLANG_WARN_DIRECT_OBJC_ISA_USAGE = YES_ERROR;
				CLANG_WARN_DOCUMENTATION_COMMENTS = YES;
				CLANG_WARN_EMPTY_BODY = YES;
				CLANG_WARN_ENUM_CONVERSION = YES;
				CLANG_WARN_INFINITE_RECURSION = YES;
				CLANG_WARN_INT_CONVERSION = YES;
				CLANG_WARN_NON_LITERAL_NULL_CONVERSION = YES;
				CLANG_WARN_OBJC_IMPLICIT_RETAIN_SELF = YES;
				CLANG_WARN_OBJC_LITERAL_CONVERSION = YES;
				CLANG_WARN_OBJC_ROOT_CLASS = YES_ERROR;
				CLANG_WARN_QUOTED_INCLUDE_IN_FRAMEWORK_HEADER = YES;
				CLANG_WARN_RANGE_LOOP_ANALYSIS = YES;
				CLANG_WARN_STRICT_PROTOTYPES = YES;
				CLANG_WARN_SUSPICIOUS_MOVE = YES;
				CLANG_WARN_UNGUARDED_AVAILABILITY = YES_AGGRESSIVE;
				CLANG_WARN_UNREACHABLE_CODE = YES;
				CLANG_WARN__DUPLICATE_METHOD_MATCH = YES;
				COPY_PHASE_STRIP = NO;
				DEBUG_INFORMATION_FORMAT = dwarf;
				ENABLE_STRICT_OBJC_MSGSEND = YES;
				ENABLE_TESTABILITY = YES;
				GCC_C_LANGUAGE_STANDARD = gnu11;
				GCC_DYNAMIC_NO_PIC = NO;
				GCC_NO_COMMON_BLOCKS = YES;
				GCC_OPTIMIZATION_LEVEL = 0;
				GCC_PREPROCESSOR_DEFINITIONS = (
					"DEBUG=1",
					"$(inherited)",
				);
				GCC_WARN_64_TO_32_BIT_CONVERSION = YES;
				GCC_WARN_ABOUT_RETURN_TYPE = YES_ERROR;
				GCC_WARN_UNDECLARED_SELECTOR = YES;
				GCC_WARN_UNINITIALIZED_AUTOS = YES_AGGRESSIVE;
				GCC_WARN_UNUSED_FUNCTION = YES;
				GCC_WARN_UNUSED_VARIABLE = YES;
				IPHONEOS_DEPLOYMENT_TARGET = 16.1;
				MTL_ENABLE_DEBUG_INFO = INCLUDE_SOURCE;
				MTL_FAST_MATH = YES;
				ONLY_ACTIVE_ARCH = YES;
				SDKROOT = iphoneos;
				SWIFT_ACTIVE_COMPILATION_CONDITIONS = DEBUG;
				SWIFT_OPTIMIZATION_LEVEL = "-Onone";
			};
			name = Debug;
		};
		3C340910293C974F0048F155 /* Release */ = {
			isa = XCBuildConfiguration;
			buildSettings = {
				ALWAYS_SEARCH_USER_PATHS = NO;
				CLANG_ANALYZER_NONNULL = YES;
				CLANG_ANALYZER_NUMBER_OBJECT_CONVERSION = YES_AGGRESSIVE;
				CLANG_CXX_LANGUAGE_STANDARD = "gnu++20";
				CLANG_ENABLE_MODULES = YES;
				CLANG_ENABLE_OBJC_ARC = YES;
				CLANG_ENABLE_OBJC_WEAK = YES;
				CLANG_WARN_BLOCK_CAPTURE_AUTORELEASING = YES;
				CLANG_WARN_BOOL_CONVERSION = YES;
				CLANG_WARN_COMMA = YES;
				CLANG_WARN_CONSTANT_CONVERSION = YES;
				CLANG_WARN_DEPRECATED_OBJC_IMPLEMENTATIONS = YES;
				CLANG_WARN_DIRECT_OBJC_ISA_USAGE = YES_ERROR;
				CLANG_WARN_DOCUMENTATION_COMMENTS = YES;
				CLANG_WARN_EMPTY_BODY = YES;
				CLANG_WARN_ENUM_CONVERSION = YES;
				CLANG_WARN_INFINITE_RECURSION = YES;
				CLANG_WARN_INT_CONVERSION = YES;
				CLANG_WARN_NON_LITERAL_NULL_CONVERSION = YES;
				CLANG_WARN_OBJC_IMPLICIT_RETAIN_SELF = YES;
				CLANG_WARN_OBJC_LITERAL_CONVERSION = YES;
				CLANG_WARN_OBJC_ROOT_CLASS = YES_ERROR;
				CLANG_WARN_QUOTED_INCLUDE_IN_FRAMEWORK_HEADER = YES;
				CLANG_WARN_RANGE_LOOP_ANALYSIS = YES;
				CLANG_WARN_STRICT_PROTOTYPES = YES;
				CLANG_WARN_SUSPICIOUS_MOVE = YES;
				CLANG_WARN_UNGUARDED_AVAILABILITY = YES_AGGRESSIVE;
				CLANG_WARN_UNREACHABLE_CODE = YES;
				CLANG_WARN__DUPLICATE_METHOD_MATCH = YES;
				COPY_PHASE_STRIP = NO;
				DEBUG_INFORMATION_FORMAT = "dwarf-with-dsym";
				ENABLE_NS_ASSERTIONS = NO;
				ENABLE_STRICT_OBJC_MSGSEND = YES;
				GCC_C_LANGUAGE_STANDARD = gnu11;
				GCC_NO_COMMON_BLOCKS = YES;
				GCC_WARN_64_TO_32_BIT_CONVERSION = YES;
				GCC_WARN_ABOUT_RETURN_TYPE = YES_ERROR;
				GCC_WARN_UNDECLARED_SELECTOR = YES;
				GCC_WARN_UNINITIALIZED_AUTOS = YES_AGGRESSIVE;
				GCC_WARN_UNUSED_FUNCTION = YES;
				GCC_WARN_UNUSED_VARIABLE = YES;
				IPHONEOS_DEPLOYMENT_TARGET = 16.1;
				MTL_ENABLE_DEBUG_INFO = NO;
				MTL_FAST_MATH = YES;
				SDKROOT = iphoneos;
				SWIFT_COMPILATION_MODE = wholemodule;
				SWIFT_OPTIMIZATION_LEVEL = "-O";
				VALIDATE_PRODUCT = YES;
			};
			name = Release;
		};
		3C340912293C974F0048F155 /* Debug */ = {
			isa = XCBuildConfiguration;
			buildSettings = {
				ALWAYS_EMBED_SWIFT_STANDARD_LIBRARIES = YES;
				ASSETCATALOG_COMPILER_APPICON_NAME = AppIcon;
				ASSETCATALOG_COMPILER_GLOBAL_ACCENT_COLOR_NAME = AccentColor;
				CODE_SIGN_STYLE = Automatic;
				CURRENT_PROJECT_VERSION = 1;
				DEVELOPMENT_ASSET_PATHS = "\"Factz/Preview Content\"";
				DEVELOPMENT_TEAM = 99M75C322U;
				ENABLE_PREVIEWS = YES;
				GENERATE_INFOPLIST_FILE = YES;
				INFOPLIST_KEY_UIApplicationSceneManifest_Generation = YES;
				INFOPLIST_KEY_UIApplicationSupportsIndirectInputEvents = YES;
				INFOPLIST_KEY_UILaunchScreen_Generation = YES;
				INFOPLIST_KEY_UISupportedInterfaceOrientations_iPad = "UIInterfaceOrientationPortrait UIInterfaceOrientationPortraitUpsideDown UIInterfaceOrientationLandscapeLeft UIInterfaceOrientationLandscapeRight";
				INFOPLIST_KEY_UISupportedInterfaceOrientations_iPhone = "UIInterfaceOrientationPortrait UIInterfaceOrientationLandscapeLeft UIInterfaceOrientationLandscapeRight";
				LD_RUNPATH_SEARCH_PATHS = (
					"$(inherited)",
					"@executable_path/Frameworks",
				);
				MARKETING_VERSION = 1.0;
				PRODUCT_BUNDLE_IDENTIFIER = com.elliot.knight.Factz;
				PRODUCT_NAME = "$(TARGET_NAME)";
				SWIFT_EMIT_LOC_STRINGS = YES;
				SWIFT_VERSION = 5.0;
				TARGETED_DEVICE_FAMILY = "1,2";
			};
			name = Debug;
		};
		3C340913293C974F0048F155 /* Release */ = {
			isa = XCBuildConfiguration;
			buildSettings = {
				ALWAYS_EMBED_SWIFT_STANDARD_LIBRARIES = YES;
				ASSETCATALOG_COMPILER_APPICON_NAME = AppIcon;
				ASSETCATALOG_COMPILER_GLOBAL_ACCENT_COLOR_NAME = AccentColor;
				CODE_SIGN_STYLE = Automatic;
				CURRENT_PROJECT_VERSION = 1;
				DEVELOPMENT_ASSET_PATHS = "\"Factz/Preview Content\"";
				DEVELOPMENT_TEAM = 99M75C322U;
				ENABLE_PREVIEWS = YES;
				GENERATE_INFOPLIST_FILE = YES;
				INFOPLIST_KEY_UIApplicationSceneManifest_Generation = YES;
				INFOPLIST_KEY_UIApplicationSupportsIndirectInputEvents = YES;
				INFOPLIST_KEY_UILaunchScreen_Generation = YES;
				INFOPLIST_KEY_UISupportedInterfaceOrientations_iPad = "UIInterfaceOrientationPortrait UIInterfaceOrientationPortraitUpsideDown UIInterfaceOrientationLandscapeLeft UIInterfaceOrientationLandscapeRight";
				INFOPLIST_KEY_UISupportedInterfaceOrientations_iPhone = "UIInterfaceOrientationPortrait UIInterfaceOrientationLandscapeLeft UIInterfaceOrientationLandscapeRight";
				LD_RUNPATH_SEARCH_PATHS = (
					"$(inherited)",
					"@executable_path/Frameworks",
				);
				MARKETING_VERSION = 1.0;
				PRODUCT_BUNDLE_IDENTIFIER = com.elliot.knight.Factz;
				PRODUCT_NAME = "$(TARGET_NAME)";
				SWIFT_EMIT_LOC_STRINGS = YES;
				SWIFT_VERSION = 5.0;
				TARGETED_DEVICE_FAMILY = "1,2";
			};
			name = Release;
		};
		3C340934293CD4310048F155 /* Debug */ = {
			isa = XCBuildConfiguration;
			buildSettings = {
				ASSETCATALOG_COMPILER_GLOBAL_ACCENT_COLOR_NAME = AccentColor;
				ASSETCATALOG_COMPILER_WIDGET_BACKGROUND_COLOR_NAME = WidgetBackground;
				CODE_SIGN_STYLE = Automatic;
				CURRENT_PROJECT_VERSION = 1;
				DEVELOPMENT_TEAM = 99M75C322U;
				GENERATE_INFOPLIST_FILE = YES;
				INFOPLIST_FILE = Fact/Info.plist;
				INFOPLIST_KEY_CFBundleDisplayName = Fact;
				INFOPLIST_KEY_NSHumanReadableCopyright = "";
				LD_RUNPATH_SEARCH_PATHS = (
					"$(inherited)",
					"@executable_path/Frameworks",
					"@executable_path/../../Frameworks",
				);
				MARKETING_VERSION = 1.0;
				PRODUCT_BUNDLE_IDENTIFIER = com.elliot.knight.Factz.Fact;
				PRODUCT_NAME = "$(TARGET_NAME)";
				SKIP_INSTALL = YES;
				SWIFT_EMIT_LOC_STRINGS = YES;
				SWIFT_VERSION = 5.0;
				TARGETED_DEVICE_FAMILY = "1,2";
			};
			name = Debug;
		};
		3C340935293CD4310048F155 /* Release */ = {
			isa = XCBuildConfiguration;
			buildSettings = {
				ASSETCATALOG_COMPILER_GLOBAL_ACCENT_COLOR_NAME = AccentColor;
				ASSETCATALOG_COMPILER_WIDGET_BACKGROUND_COLOR_NAME = WidgetBackground;
				CODE_SIGN_STYLE = Automatic;
				CURRENT_PROJECT_VERSION = 1;
				DEVELOPMENT_TEAM = 99M75C322U;
				GENERATE_INFOPLIST_FILE = YES;
				INFOPLIST_FILE = Fact/Info.plist;
				INFOPLIST_KEY_CFBundleDisplayName = Fact;
				INFOPLIST_KEY_NSHumanReadableCopyright = "";
				LD_RUNPATH_SEARCH_PATHS = (
					"$(inherited)",
					"@executable_path/Frameworks",
					"@executable_path/../../Frameworks",
				);
				MARKETING_VERSION = 1.0;
				PRODUCT_BUNDLE_IDENTIFIER = com.elliot.knight.Factz.Fact;
				PRODUCT_NAME = "$(TARGET_NAME)";
				SKIP_INSTALL = YES;
				SWIFT_EMIT_LOC_STRINGS = YES;
				SWIFT_VERSION = 5.0;
				TARGETED_DEVICE_FAMILY = "1,2";
			};
			name = Release;
		};
/* End XCBuildConfiguration section */

/* Begin XCConfigurationList section */
		3C3408FE293C974E0048F155 /* Build configuration list for PBXProject "Factz" */ = {
			isa = XCConfigurationList;
			buildConfigurations = (
				3C34090F293C974F0048F155 /* Debug */,
				3C340910293C974F0048F155 /* Release */,
			);
			defaultConfigurationIsVisible = 0;
			defaultConfigurationName = Release;
		};
		3C340911293C974F0048F155 /* Build configuration list for PBXNativeTarget "Factz" */ = {
			isa = XCConfigurationList;
			buildConfigurations = (
				3C340912293C974F0048F155 /* Debug */,
				3C340913293C974F0048F155 /* Release */,
			);
			defaultConfigurationIsVisible = 0;
			defaultConfigurationName = Release;
		};
		3C340933293CD4310048F155 /* Build configuration list for PBXNativeTarget "FactExtension" */ = {
			isa = XCConfigurationList;
			buildConfigurations = (
				3C340934293CD4310048F155 /* Debug */,
				3C340935293CD4310048F155 /* Release */,
			);
			defaultConfigurationIsVisible = 0;
			defaultConfigurationName = Release;
		};
/* End XCConfigurationList section */
	};
	rootObject = 3C3408FB293C974E0048F155 /* Project object */;
}
